PODS:
  - AFNetworking (2.5.2):
    - AFNetworking/NSURLConnection
    - AFNetworking/NSURLSession
    - AFNetworking/Reachability
    - AFNetworking/Security
    - AFNetworking/Serialization
    - AFNetworking/UIKit
  - AFNetworking/NSURLConnection (2.5.2):
    - AFNetworking/Reachability
    - AFNetworking/Security
    - AFNetworking/Serialization
  - AFNetworking/NSURLSession (2.5.2):
    - AFNetworking/Reachability
    - AFNetworking/Security
    - AFNetworking/Serialization
  - AFNetworking/Reachability (2.5.2)
  - AFNetworking/Security (2.5.2)
  - AFNetworking/Serialization (2.5.2)
  - AFNetworking/UIKit (2.5.2):
    - AFNetworking/NSURLConnection
    - AFNetworking/NSURLSession
  - ASIHTTPRequest (1.8.2):
    - ASIHTTPRequest/ASIWebPageRequest
    - ASIHTTPRequest/CloudFiles
    - ASIHTTPRequest/Core
    - ASIHTTPRequest/S3
  - ASIHTTPRequest/ASIWebPageRequest (1.8.2):
    - ASIHTTPRequest/Core
  - ASIHTTPRequest/CloudFiles (1.8.2):
    - ASIHTTPRequest/Core
  - ASIHTTPRequest/Core (1.8.2):
    - Reachability
  - ASIHTTPRequest/S3 (1.8.2):
    - ASIHTTPRequest/Core
  - FSCalendar (0.5.4)
  - Qiniu (7.0.9.1):
    - AFNetworking (~> 2.0)
  - Reachability (3.2)

DEPENDENCIES:
  - AFNetworking (~> 2.5.2)
  - ASIHTTPRequest (~> 1.8.2)
  - FSCalendar (~> 0.5.2)
  - Qiniu (~> 7.0)

SPEC CHECKSUMS:
  AFNetworking: fefbce9660acb17f48ae0011292d4da0f457bf36
  ASIHTTPRequest: ec013992946676b7978dcbde6396d57312d21db4
  FSCalendar: 2151b763fca88e341cd281b5c84f3bc437faba13
  Qiniu: cd281425298a3f30495135ab9a9442bf400dab28
  Reachability: 33e18b67625424e47b6cde6d202dce689ad7af96

COCOAPODS: 0.34.4
